
Microsoft Visual Studio Solution File, Format Version 12.00
# Visual Studio Version 17
VisualStudioVersion = 17.3.32901.215
MinimumVisualStudioVersion = 10.0.40219.1
Project("{9A19103F-16F7-4668-BE54-9A1E7A4F7556}") = "FestivalApplication", "FestivalApplication\FestivalApplication.csproj", "{D77C280F-7435-4DAA-817C-18A672A81D55}"
EndProject
Global
	GlobalSection(SolutionConfigurationPlatforms) = preSolution
		Debug|Any CPU = Debug|Any CPU
		Release|Any CPU = Release|Any CPU
	EndGlobalSection
	GlobalSection(ProjectConfigurationPlatforms) = postSolution
		{D77C280F-7435-4DAA-817C-18A672A81D55}.Debug|Any CPU.ActiveCfg = Debug|Any CPU
		{D77C280F-7435-4DAA-817C-18A672A81D55}.Debug|Any CPU.Build.0 = Debug|Any CPU
		{D77C280F-7435-4DAA-817C-18A672A81D55}.Release|Any CPU.ActiveCfg = Release|Any CPU
		{D77C280F-7435-4DAA-817C-18A672A81D55}.Release|Any CPU.Build.0 = Release|Any CPU
	EndGlobalSection
	GlobalSection(SolutionProperties) = preSolution
		HideSolutionNode = FALSE
	EndGlobalSection
	GlobalSection(ExtensibilityGlobals) = postSolution
		SolutionGuid = {3ED67523-0EAA-40E1-AB86-2D87E15D33D6}
	EndGlobalSection
EndGlobal
